
Microsoft Visual Studio Solution File, Format Version 12.00
# Visual Studio 14
VisualStudioVersion = 14.0.25420.1
MinimumVisualStudioVersion = 10.0.40219.1
Project("{FAE04EC0-301F-11D3-BF4B-00C04F79EFBC}") = "CQCM", "CQCM\CQCM.csproj", "{4044944D-319B-4020-87A1-9FE0CFDE80E7}"
EndProject
Project("{FAE04EC0-301F-11D3-BF4B-00C04F79EFBC}") = "UnitTest", "TestExcelToDt\UnitTest.csproj", "{2C8A15C5-8F45-4027-BBA9-5CD6F6C80DCF}"
EndProject
Project("{FAE04EC0-301F-11D3-BF4B-00C04F79EFBC}") = "TestClass", "TestClass\TestClass.csproj", "{C7AF8E34-EF17-41FE-9BE2-9930152F0B7A}"
EndProject
Project("{FAE04EC0-301F-11D3-BF4B-00C04F79EFBC}") = "CQCMWin", "CQCMWin\CQCMWin.csproj", "{BEFD9DF1-CAE5-49B8-9B15-E10C0A76480B}"
EndProject
Project("{6141683F-8A12-4E36-9623-2EB02B2C2303}") = "CQCMSetup", "CQCMSetup\CQCMSetup.isproj", "{5D9F42C7-64A5-4437-A8B0-F0C0BD775F65}"
	ProjectSection(ProjectDependencies) = postProject
		{BEFD9DF1-CAE5-49B8-9B15-E10C0A76480B} = {BEFD9DF1-CAE5-49B8-9B15-E10C0A76480B}
	EndProjectSection
EndProject
Global
	GlobalSection(SolutionConfigurationPlatforms) = preSolution
		CD_ROM|Any CPU = CD_ROM|Any CPU
		Debug|Any CPU = Debug|Any CPU
		DVD-5|Any CPU = DVD-5|Any CPU
		Release|Any CPU = Release|Any CPU
		SingleImage|Any CPU = SingleImage|Any CPU
	EndGlobalSection
	GlobalSection(ProjectConfigurationPlatforms) = postSolution
		{4044944D-319B-4020-87A1-9FE0CFDE80E7}.CD_ROM|Any CPU.ActiveCfg = Release|Any CPU
		{4044944D-319B-4020-87A1-9FE0CFDE80E7}.CD_ROM|Any CPU.Build.0 = Release|Any CPU
		{4044944D-319B-4020-87A1-9FE0CFDE80E7}.Debug|Any CPU.ActiveCfg = Debug|Any CPU
		{4044944D-319B-4020-87A1-9FE0CFDE80E7}.Debug|Any CPU.Build.0 = Debug|Any CPU
		{4044944D-319B-4020-87A1-9FE0CFDE80E7}.DVD-5|Any CPU.ActiveCfg = Debug|Any CPU
		{4044944D-319B-4020-87A1-9FE0CFDE80E7}.DVD-5|Any CPU.Build.0 = Debug|Any CPU
		{4044944D-319B-4020-87A1-9FE0CFDE80E7}.Release|Any CPU.ActiveCfg = Release|Any CPU
		{4044944D-319B-4020-87A1-9FE0CFDE80E7}.Release|Any CPU.Build.0 = Release|Any CPU
		{4044944D-319B-4020-87A1-9FE0CFDE80E7}.SingleImage|Any CPU.ActiveCfg = Release|Any CPU
		{4044944D-319B-4020-87A1-9FE0CFDE80E7}.SingleImage|Any CPU.Build.0 = Release|Any CPU
		{2C8A15C5-8F45-4027-BBA9-5CD6F6C80DCF}.CD_ROM|Any CPU.ActiveCfg = Release|Any CPU
		{2C8A15C5-8F45-4027-BBA9-5CD6F6C80DCF}.CD_ROM|Any CPU.Build.0 = Release|Any CPU
		{2C8A15C5-8F45-4027-BBA9-5CD6F6C80DCF}.Debug|Any CPU.ActiveCfg = Debug|Any CPU
		{2C8A15C5-8F45-4027-BBA9-5CD6F6C80DCF}.Debug|Any CPU.Build.0 = Debug|Any CPU
		{2C8A15C5-8F45-4027-BBA9-5CD6F6C80DCF}.DVD-5|Any CPU.ActiveCfg = Debug|Any CPU
		{2C8A15C5-8F45-4027-BBA9-5CD6F6C80DCF}.DVD-5|Any CPU.Build.0 = Debug|Any CPU
		{2C8A15C5-8F45-4027-BBA9-5CD6F6C80DCF}.Release|Any CPU.ActiveCfg = Release|Any CPU
		{2C8A15C5-8F45-4027-BBA9-5CD6F6C80DCF}.Release|Any CPU.Build.0 = Release|Any CPU
		{2C8A15C5-8F45-4027-BBA9-5CD6F6C80DCF}.SingleImage|Any CPU.ActiveCfg = Release|Any CPU
		{2C8A15C5-8F45-4027-BBA9-5CD6F6C80DCF}.SingleImage|Any CPU.Build.0 = Release|Any CPU
		{C7AF8E34-EF17-41FE-9BE2-9930152F0B7A}.CD_ROM|Any CPU.ActiveCfg = Release|Any CPU
		{C7AF8E34-EF17-41FE-9BE2-9930152F0B7A}.CD_ROM|Any CPU.Build.0 = Release|Any CPU
		{C7AF8E34-EF17-41FE-9BE2-9930152F0B7A}.Debug|Any CPU.ActiveCfg = Debug|Any CPU
		{C7AF8E34-EF17-41FE-9BE2-9930152F0B7A}.Debug|Any CPU.Build.0 = Debug|Any CPU
		{C7AF8E34-EF17-41FE-9BE2-9930152F0B7A}.DVD-5|Any CPU.ActiveCfg = Debug|Any CPU
		{C7AF8E34-EF17-41FE-9BE2-9930152F0B7A}.DVD-5|Any CPU.Build.0 = Debug|Any CPU
		{C7AF8E34-EF17-41FE-9BE2-9930152F0B7A}.Release|Any CPU.ActiveCfg = Release|Any CPU
		{C7AF8E34-EF17-41FE-9BE2-9930152F0B7A}.Release|Any CPU.Build.0 = Release|Any CPU
		{C7AF8E34-EF17-41FE-9BE2-9930152F0B7A}.SingleImage|Any CPU.ActiveCfg = Release|Any CPU
		{C7AF8E34-EF17-41FE-9BE2-9930152F0B7A}.SingleImage|Any CPU.Build.0 = Release|Any CPU
		{BEFD9DF1-CAE5-49B8-9B15-E10C0A76480B}.CD_ROM|Any CPU.ActiveCfg = Release|Any CPU
		{BEFD9DF1-CAE5-49B8-9B15-E10C0A76480B}.CD_ROM|Any CPU.Build.0 = Release|Any CPU
		{BEFD9DF1-CAE5-49B8-9B15-E10C0A76480B}.Debug|Any CPU.ActiveCfg = Debug|Any CPU
		{BEFD9DF1-CAE5-49B8-9B15-E10C0A76480B}.Debug|Any CPU.Build.0 = Debug|Any CPU
		{BEFD9DF1-CAE5-49B8-9B15-E10C0A76480B}.DVD-5|Any CPU.ActiveCfg = Debug|Any CPU
		{BEFD9DF1-CAE5-49B8-9B15-E10C0A76480B}.DVD-5|Any CPU.Build.0 = Debug|Any CPU
		{BEFD9DF1-CAE5-49B8-9B15-E10C0A76480B}.Release|Any CPU.ActiveCfg = Release|Any CPU
		{BEFD9DF1-CAE5-49B8-9B15-E10C0A76480B}.Release|Any CPU.Build.0 = Release|Any CPU
		{BEFD9DF1-CAE5-49B8-9B15-E10C0A76480B}.SingleImage|Any CPU.ActiveCfg = Release|Any CPU
		{BEFD9DF1-CAE5-49B8-9B15-E10C0A76480B}.SingleImage|Any CPU.Build.0 = Release|Any CPU
		{5D9F42C7-64A5-4437-A8B0-F0C0BD775F65}.CD_ROM|Any CPU.ActiveCfg = CD_ROM
		{5D9F42C7-64A5-4437-A8B0-F0C0BD775F65}.CD_ROM|Any CPU.Build.0 = CD_ROM
		{5D9F42C7-64A5-4437-A8B0-F0C0BD775F65}.Debug|Any CPU.ActiveCfg = DVD-5
		{5D9F42C7-64A5-4437-A8B0-F0C0BD775F65}.Debug|Any CPU.Build.0 = DVD-5
		{5D9F42C7-64A5-4437-A8B0-F0C0BD775F65}.DVD-5|Any CPU.ActiveCfg = DVD-5
		{5D9F42C7-64A5-4437-A8B0-F0C0BD775F65}.DVD-5|Any CPU.Build.0 = DVD-5
		{5D9F42C7-64A5-4437-A8B0-F0C0BD775F65}.Release|Any CPU.ActiveCfg = SingleImage
		{5D9F42C7-64A5-4437-A8B0-F0C0BD775F65}.Release|Any CPU.Build.0 = SingleImage
		{5D9F42C7-64A5-4437-A8B0-F0C0BD775F65}.SingleImage|Any CPU.ActiveCfg = SingleImage
		{5D9F42C7-64A5-4437-A8B0-F0C0BD775F65}.SingleImage|Any CPU.Build.0 = SingleImage
	EndGlobalSection
	GlobalSection(SolutionProperties) = preSolution
		HideSolutionNode = FALSE
	EndGlobalSection
EndGlobal
